// !$*UTF8*$!
{
	archiveVersion = 1;
	classes = {
	};
	objectVersion = 56;
	objects = {

/* Begin PBXBuildFile section */
		76444E252C49E0470041E78A /* AppDelegate.swift in Sources */ = {isa = PBXBuildFile; fileRef = 76444E242C49E0470041E78A /* AppDelegate.swift */; };
		76444E272C49E0470041E78A /* SceneDelegate.swift in Sources */ = {isa = PBXBuildFile; fileRef = 76444E262C49E0470041E78A /* SceneDelegate.swift */; };
		76444E292C49E0470041E78A /* ViewController.swift in Sources */ = {isa = PBXBuildFile; fileRef = 76444E282C49E0470041E78A /* ViewController.swift */; };
		76444E2C2C49E0470041E78A /* Base in Resources */ = {isa = PBXBuildFile; fileRef = 76444E2B2C49E0470041E78A /* Base */; };
		76444E2E2C49E0480041E78A /* Assets.xcassets in Resources */ = {isa = PBXBuildFile; fileRef = 76444E2D2C49E0480041E78A /* Assets.xcassets */; };
		76444E312C49E0480041E78A /* Base in Resources */ = {isa = PBXBuildFile; fileRef = 76444E302C49E0480041E78A /* Base */; };
		76444E3C2C49E0480041E78A /* ItineraryTests.swift in Sources */ = {isa = PBXBuildFile; fileRef = 76444E3B2C49E0480041E78A /* ItineraryTests.swift */; };
		76444E462C49E0480041E78A /* ItineraryUITests.swift in Sources */ = {isa = PBXBuildFile; fileRef = 76444E452C49E0480041E78A /* ItineraryUITests.swift */; };
		76444E482C49E0480041E78A /* ItineraryUITestsLaunchTests.swift in Sources */ = {isa = PBXBuildFile; fileRef = 76444E472C49E0480041E78A /* ItineraryUITestsLaunchTests.swift */; };
		76444E552C49E2470041E78A /* detailsVc.swift in Sources */ = {isa = PBXBuildFile; fileRef = 76444E542C49E2470041E78A /* detailsVc.swift */; };
		76444E572C49E5F20041E78A /* City.swift in Sources */ = {isa = PBXBuildFile; fileRef = 76444E562C49E5F20041E78A /* City.swift */; };
/* End PBXBuildFile section */

/* Begin PBXContainerItemProxy section */
		76444E382C49E0480041E78A /* PBXContainerItemProxy */ = {
			isa = PBXContainerItemProxy;
			containerPortal = 76444E192C49E0470041E78A /* Project object */;
			proxyType = 1;
			remoteGlobalIDString = 76444E202C49E0470041E78A;
			remoteInfo = Itinerary;
		};
		76444E422C49E0480041E78A /* PBXContainerItemProxy */ = {
			isa = PBXContainerItemProxy;
			containerPortal = 76444E192C49E0470041E78A /* Project object */;
			proxyType = 1;
			remoteGlobalIDString = 76444E202C49E0470041E78A;
			remoteInfo = Itinerary;
		};
/* End PBXContainerItemProxy section */

/* Begin PBXFileReference section */
		76444E212C49E0470041E78A /* Itinerary.app */ = {isa = PBXFileReference; explicitFileType = wrapper.application; includeInIndex = 0; path = Itinerary.app; sourceTree = BUILT_PRODUCTS_DIR; };
		76444E242C49E0470041E78A /* AppDelegate.swift */ = {isa = PBXFileReference; lastKnownFileType = sourcecode.swift; path = AppDelegate.swift; sourceTree = "<group>"; };
		76444E262C49E0470041E78A /* SceneDelegate.swift */ = {isa = PBXFileReference; lastKnownFileType = sourcecode.swift; path = SceneDelegate.swift; sourceTree = "<group>"; };
		76444E282C49E0470041E78A /* ViewController.swift */ = {isa = PBXFileReference; lastKnownFileType = sourcecode.swift; path = ViewController.swift; sourceTree = "<group>"; };
		76444E2B2C49E0470041E78A /* Base */ = {isa = PBXFileReference; lastKnownFileType = file.storyboard; name = Base; path = Base.lproj/Main.storyboard; sourceTree = "<group>"; };
		76444E2D2C49E0480041E78A /* Assets.xcassets */ = {isa = PBXFileReference; lastKnownFileType = folder.assetcatalog; path = Assets.xcassets; sourceTree = "<group>"; };
		76444E302C49E0480041E78A /* Base */ = {isa = PBXFileReference; lastKnownFileType = file.storyboard; name = Base; path = Base.lproj/LaunchScreen.storyboard; sourceTree = "<group>"; };
		76444E322C49E0480041E78A /* Info.plist */ = {isa = PBXFileReference; lastKnownFileType = text.plist.xml; path = Info.plist; sourceTree = "<group>"; };
		76444E372C49E0480041E78A /* ItineraryTests.xctest */ = {isa = PBXFileReference; explicitFileType = wrapper.cfbundle; includeInIndex = 0; path = ItineraryTests.xctest; sourceTree = BUILT_PRODUCTS_DIR; };
		76444E3B2C49E0480041E78A /* ItineraryTests.swift */ = {isa = PBXFileReference; lastKnownFileType = sourcecode.swift; path = ItineraryTests.swift; sourceTree = "<group>"; };
		76444E412C49E0480041E78A /* ItineraryUITests.xctest */ = {isa = PBXFileReference; explicitFileType = wrapper.cfbundle; includeInIndex = 0; path = ItineraryUITests.xctest; sourceTree = BUILT_PRODUCTS_DIR; };
		76444E452C49E0480041E78A /* ItineraryUITests.swift */ = {isa = PBXFileReference; lastKnownFileType = sourcecode.swift; path = ItineraryUITests.swift; sourceTree = "<group>"; };
		76444E472C49E0480041E78A /* ItineraryUITestsLaunchTests.swift */ = {isa = PBXFileReference; lastKnownFileType = sourcecode.swift; path = ItineraryUITestsLaunchTests.swift; sourceTree = "<group>"; };
		76444E542C49E2470041E78A /* detailsVc.swift */ = {isa = PBXFileReference; lastKnownFileType = sourcecode.swift; path = detailsVc.swift; sourceTree = "<group>"; };
		76444E562C49E5F20041E78A /* City.swift */ = {isa = PBXFileReference; lastKnownFileType = sourcecode.swift; path = City.swift; sourceTree = "<group>"; };
/* End PBXFileReference section */

/* Begin PBXFrameworksBuildPhase section */
		76444E1E2C49E0470041E78A /* Frameworks */ = {
			isa = PBXFrameworksBuildPhase;
			buildActionMask = 2147483647;
			files = (
			);
			runOnlyForDeploymentPostprocessing = 0;
		};
		76444E342C49E0480041E78A /* Frameworks */ = {
			isa = PBXFrameworksBuildPhase;
			buildActionMask = 2147483647;
			files = (
			);
			runOnlyForDeploymentPostprocessing = 0;
		};
		76444E3E2C49E0480041E78A /* Frameworks */ = {
			isa = PBXFrameworksBuildPhase;
			buildActionMask = 2147483647;
			files = (
			);
			runOnlyForDeploymentPostprocessing = 0;
		};
/* End PBXFrameworksBuildPhase section */

/* Begin PBXGroup section */
		76444E182C49E0470041E78A = {
			isa = PBXGroup;
			children = (
				76444E232C49E0470041E78A /* Itinerary */,
				76444E3A2C49E0480041E78A /* ItineraryTests */,
				76444E442C49E0480041E78A /* ItineraryUITests */,
				76444E222C49E0470041E78A /* Products */,
			);
			sourceTree = "<group>";
		};
		76444E222C49E0470041E78A /* Products */ = {
			isa = PBXGroup;
			children = (
				76444E212C49E0470041E78A /* Itinerary.app */,
				76444E372C49E0480041E78A /* ItineraryTests.xctest */,
				76444E412C49E0480041E78A /* ItineraryUITests.xctest */,
			);
			name = Products;
			sourceTree = "<group>";
		};
		76444E232C49E0470041E78A /* Itinerary */ = {
			isa = PBXGroup;
			children = (
				76444E242C49E0470041E78A /* AppDelegate.swift */,
				76444E262C49E0470041E78A /* SceneDelegate.swift */,
				76444E282C49E0470041E78A /* ViewController.swift */,
				76444E542C49E2470041E78A /* detailsVc.swift */,
				76444E562C49E5F20041E78A /* City.swift */,
				76444E2A2C49E0470041E78A /* Main.storyboard */,
				76444E2D2C49E0480041E78A /* Assets.xcassets */,
				76444E2F2C49E0480041E78A /* LaunchScreen.storyboard */,
				76444E322C49E0480041E78A /* Info.plist */,
			);
			path = Itinerary;
			sourceTree = "<group>";
		};
		76444E3A2C49E0480041E78A /* ItineraryTests */ = {
			isa = PBXGroup;
			children = (
				76444E3B2C49E0480041E78A /* ItineraryTests.swift */,
			);
			path = ItineraryTests;
			sourceTree = "<group>";
		};
		76444E442C49E0480041E78A /* ItineraryUITests */ = {
			isa = PBXGroup;
			children = (
				76444E452C49E0480041E78A /* ItineraryUITests.swift */,
				76444E472C49E0480041E78A /* ItineraryUITestsLaunchTests.swift */,
			);
			path = ItineraryUITests;
			sourceTree = "<group>";
		};
/* End PBXGroup section */

/* Begin PBXNativeTarget section */
		76444E202C49E0470041E78A /* Itinerary */ = {
			isa = PBXNativeTarget;
			buildConfigurationList = 76444E4B2C49E0480041E78A /* Build configuration list for PBXNativeTarget "Itinerary" */;
			buildPhases = (
				76444E1D2C49E0470041E78A /* Sources */,
				76444E1E2C49E0470041E78A /* Frameworks */,
				76444E1F2C49E0470041E78A /* Resources */,
			);
			buildRules = (
			);
			dependencies = (
			);
			name = Itinerary;
			productName = Itinerary;
			productReference = 76444E212C49E0470041E78A /* Itinerary.app */;
			productType = "com.apple.product-type.application";
		};
		76444E362C49E0480041E78A /* ItineraryTests */ = {
			isa = PBXNativeTarget;
			buildConfigurationList = 76444E4E2C49E0480041E78A /* Build configuration list for PBXNativeTarget "ItineraryTests" */;
			buildPhases = (
				76444E332C49E0480041E78A /* Sources */,
				76444E342C49E0480041E78A /* Frameworks */,
				76444E352C49E0480041E78A /* Resources */,
			);
			buildRules = (
			);
			dependencies = (
				76444E392C49E0480041E78A /* PBXTargetDependency */,
			);
			name = ItineraryTests;
			productName = ItineraryTests;
			productReference = 76444E372C49E0480041E78A /* ItineraryTests.xctest */;
			productType = "com.apple.product-type.bundle.unit-test";
		};
		76444E402C49E0480041E78A /* ItineraryUITests */ = {
			isa = PBXNativeTarget;
			buildConfigurationList = 76444E512C49E0480041E78A /* Build configuration list for PBXNativeTarget "ItineraryUITests" */;
			buildPhases = (
				76444E3D2C49E0480041E78A /* Sources */,
				76444E3E2C49E0480041E78A /* Frameworks */,
				76444E3F2C49E0480041E78A /* Resources */,
			);
			buildRules = (
			);
			dependencies = (
				76444E432C49E0480041E78A /* PBXTargetDependency */,
			);
			name = ItineraryUITests;
			productName = ItineraryUITests;
			productReference = 76444E412C49E0480041E78A /* ItineraryUITests.xctest */;
			productType = "com.apple.product-type.bundle.ui-testing";
		};
/* End PBXNativeTarget section */

/* Begin PBXProject section */
		76444E192C49E0470041E78A /* Project object */ = {
			isa = PBXProject;
			attributes = {
				BuildIndependentTargetsInParallel = 1;
				LastSwiftUpdateCheck = 1540;
				LastUpgradeCheck = 1540;
				TargetAttributes = {
					76444E202C49E0470041E78A = {
						CreatedOnToolsVersion = 15.4;
					};
					76444E362C49E0480041E78A = {
						CreatedOnToolsVersion = 15.4;
						TestTargetID = 76444E202C49E0470041E78A;
					};
					76444E402C49E0480041E78A = {
						CreatedOnToolsVersion = 15.4;
						TestTargetID = 76444E202C49E0470041E78A;
					};
				};
			};
			buildConfigurationList = 76444E1C2C49E0470041E78A /* Build configuration list for PBXProject "Itinerary" */;
			compatibilityVersion = "Xcode 14.0";
			developmentRegion = en;
			hasScannedForEncodings = 0;
			knownRegions = (
				en,
				Base,
			);
			mainGroup = 76444E182C49E0470041E78A;
			productRefGroup = 76444E222C49E0470041E78A /* Products */;
			projectDirPath = "";
			projectRoot = "";
			targets = (
				76444E202C49E0470041E78A /* Itinerary */,
				76444E362C49E0480041E78A /* ItineraryTests */,
				76444E402C49E0480041E78A /* ItineraryUITests */,
			);
		};
/* End PBXProject section */

/* Begin PBXResourcesBuildPhase section */
		76444E1F2C49E0470041E78A /* Resources */ = {
			isa = PBXResourcesBuildPhase;
			buildActionMask = 2147483647;
			files = (
				76444E2E2C49E0480041E78A /* Assets.xcassets in Resources */,
				76444E312C49E0480041E78A /* Base in Resources */,
				76444E2C2C49E0470041E78A /* Base in Resources */,
			);
			runOnlyForDeploymentPostprocessing = 0;
		};
		76444E352C49E0480041E78A /* Resources */ = {
			isa = PBXResourcesBuildPhase;
			buildActionMask = 2147483647;
			files = (
			);
			runOnlyForDeploymentPostprocessing = 0;
		};
		76444E3F2C49E0480041E78A /* Resources */ = {
			isa = PBXResourcesBuildPhase;
			buildActionMask = 2147483647;
			files = (
			);
			runOnlyForDeploymentPostprocessing = 0;
		};
/* End PBXResourcesBuildPhase section */

/* Begin PBXSourcesBuildPhase section */
		76444E1D2C49E0470041E78A /* Sources */ = {
			isa = PBXSourcesBuildPhase;
			buildActionMask = 2147483647;
			files = (
				76444E292C49E0470041E78A /* ViewController.swift in Sources */,
				76444E572C49E5F20041E78A /* City.swift in Sources */,
				76444E552C49E2470041E78A /* detailsVc.swift in Sources */,
				76444E252C49E0470041E78A /* AppDelegate.swift in Sources */,
				76444E272C49E0470041E78A /* SceneDelegate.swift in Sources */,
			);
			runOnlyForDeploymentPostprocessing = 0;
		};
		76444E332C49E0480041E78A /* Sources */ = {
			isa = PBXSourcesBuildPhase;
			buildActionMask = 2147483647;
			files = (
				76444E3C2C49E0480041E78A /* ItineraryTests.swift in Sources */,
			);
			runOnlyForDeploymentPostprocessing = 0;
		};
		76444E3D2C49E0480041E78A /* Sources */ = {
			isa = PBXSourcesBuildPhase;
			buildActionMask = 2147483647;
			files = (
				76444E482C49E0480041E78A /* ItineraryUITestsLaunchTests.swift in Sources */,
				76444E462C49E0480041E78A /* ItineraryUITests.swift in Sources */,
			);
			runOnlyForDeploymentPostprocessing = 0;
		};
/* End PBXSourcesBuildPhase section */

/* Begin PBXTargetDependency section */
		76444E392C49E0480041E78A /* PBXTargetDependency */ = {
			isa = PBXTargetDependency;
			target = 76444E202C49E0470041E78A /* Itinerary */;
			targetProxy = 76444E382C49E0480041E78A /* PBXContainerItemProxy */;
		};
		76444E432C49E0480041E78A /* PBXTargetDependency */ = {
			isa = PBXTargetDependency;
			target = 76444E202C49E0470041E78A /* Itinerary */;
			targetProxy = 76444E422C49E0480041E78A /* PBXContainerItemProxy */;
		};
/* End PBXTargetDependency section */

/* Begin PBXVariantGroup section */
		76444E2A2C49E0470041E78A /* Main.storyboard */ = {
			isa = PBXVariantGroup;
			children = (
				76444E2B2C49E0470041E78A /* Base */,
			);
			name = Main.storyboard;
			sourceTree = "<group>";
		};
		76444E2F2C49E0480041E78A /* LaunchScreen.storyboard */ = {
			isa = PBXVariantGroup;
			children = (
				76444E302C49E0480041E78A /* Base */,
			);
			name = LaunchScreen.storyboard;
			sourceTree = "<group>";
		};
/* End PBXVariantGroup section */

/* Begin XCBuildConfiguration section */
		76444E492C49E0480041E78A /* Debug */ = {
			isa = XCBuildConfiguration;
			buildSettings = {
				ALWAYS_SEARCH_USER_PATHS = NO;
				ASSETCATALOG_COMPILER_GENERATE_SWIFT_ASSET_SYMBOL_EXTENSIONS = YES;
				CLANG_ANALYZER_NONNULL = YES;
				CLANG_ANALYZER_NUMBER_OBJECT_CONVERSION = YES_AGGRESSIVE;
				CLANG_CXX_LANGUAGE_STANDARD = "gnu++20";
				CLANG_ENABLE_MODULES = YES;
				CLANG_ENABLE_OBJC_ARC = YES;
				CLANG_ENABLE_OBJC_WEAK = YES;
				CLANG_WARN_BLOCK_CAPTURE_AUTORELEASING = YES;
				CLANG_WARN_BOOL_CONVERSION = YES;
				CLANG_WARN_COMMA = YES;
				CLANG_WARN_CONSTANT_CONVERSION = YES;
				CLANG_WARN_DEPRECATED_OBJC_IMPLEMENTATIONS = YES;
				CLANG_WARN_DIRECT_OBJC_ISA_USAGE = YES_ERROR;
				CLANG_WARN_DOCUMENTATION_COMMENTS = YES;
				CLANG_WARN_EMPTY_BODY = YES;
				CLANG_WARN_ENUM_CONVERSION = YES;
				CLANG_WARN_INFINITE_RECURSION = YES;
				CLANG_WARN_INT_CONVERSION = YES;
				CLANG_WARN_NON_LITERAL_NULL_CONVERSION = YES;
				CLANG_WARN_OBJC_IMPLICIT_RETAIN_SELF = YES;
				CLANG_WARN_OBJC_LITERAL_CONVERSION = YES;
				CLANG_WARN_OBJC_ROOT_CLASS = YES_ERROR;
				CLANG_WARN_QUOTED_INCLUDE_IN_FRAMEWORK_HEADER = YES;
				CLANG_WARN_RANGE_LOOP_ANALYSIS = YES;
				CLANG_WARN_STRICT_PROTOTYPES = YES;
				CLANG_WARN_SUSPICIOUS_MOVE = YES;
				CLANG_WARN_UNGUARDED_AVAILABILITY = YES_AGGRESSIVE;
				CLANG_WARN_UNREACHABLE_CODE = YES;
				CLANG_WARN__DUPLICATE_METHOD_MATCH = YES;
				COPY_PHASE_STRIP = NO;
				DEBUG_INFORMATION_FORMAT = dwarf;
				ENABLE_STRICT_OBJC_MSGSEND = YES;
				ENABLE_TESTABILITY = YES;
				ENABLE_USER_SCRIPT_SANDBOXING = YES;
				GCC_C_LANGUAGE_STANDARD = gnu17;
				GCC_DYNAMIC_NO_PIC = NO;
				GCC_NO_COMMON_BLOCKS = YES;
				GCC_OPTIMIZATION_LEVEL = 0;
				GCC_PREPROCESSOR_DEFINITIONS = (
					"DEBUG=1",
					"$(inherited)",
				);
				GCC_WARN_64_TO_32_BIT_CONVERSION = YES;
				GCC_WARN_ABOUT_RETURN_TYPE = YES_ERROR;
				GCC_WARN_UNDECLARED_SELECTOR = YES;
				GCC_WARN_UNINITIALIZED_AUTOS = YES_AGGRESSIVE;
				GCC_WARN_UNUSED_FUNCTION = YES;
				GCC_WARN_UNUSED_VARIABLE = YES;
				IPHONEOS_DEPLOYMENT_TARGET = 17.5;
				LOCALIZATION_PREFERS_STRING_CATALOGS = YES;
				MTL_ENABLE_DEBUG_INFO = INCLUDE_SOURCE;
				MTL_FAST_MATH = YES;
				ONLY_ACTIVE_ARCH = YES;
				SDKROOT = iphoneos;
				SWIFT_ACTIVE_COMPILATION_CONDITIONS = "DEBUG $(inherited)";
				SWIFT_OPTIMIZATION_LEVEL = "-Onone";
			};
			name = Debug;
		};
		76444E4A2C49E0480041E78A /* Release */ = {
			isa = XCBuildConfiguration;
			buildSettings = {
				ALWAYS_SEARCH_USER_PATHS = NO;
				ASSETCATALOG_COMPILER_GENERATE_SWIFT_ASSET_SYMBOL_EXTENSIONS = YES;
				CLANG_ANALYZER_NONNULL = YES;
				CLANG_ANALYZER_NUMBER_OBJECT_CONVERSION = YES_AGGRESSIVE;
				CLANG_CXX_LANGUAGE_STANDARD = "gnu++20";
				CLANG_ENABLE_MODULES = YES;
				CLANG_ENABLE_OBJC_ARC = YES;
				CLANG_ENABLE_OBJC_WEAK = YES;
				CLANG_WARN_BLOCK_CAPTURE_AUTORELEASING = YES;
				CLANG_WARN_BOOL_CONVERSION = YES;
				CLANG_WARN_COMMA = YES;
				CLANG_WARN_CONSTANT_CONVERSION = YES;
				CLANG_WARN_DEPRECATED_OBJC_IMPLEMENTATIONS = YES;
				CLANG_WARN_DIRECT_OBJC_ISA_USAGE = YES_ERROR;
				CLANG_WARN_DOCUMENTATION_COMMENTS = YES;
				CLANG_WARN_EMPTY_BODY = YES;
				CLANG_WARN_ENUM_CONVERSION = YES;
				CLANG_WARN_INFINITE_RECURSION = YES;
				CLANG_WARN_INT_CONVERSION = YES;
				CLANG_WARN_NON_LITERAL_NULL_CONVERSION = YES;
				CLANG_WARN_OBJC_IMPLICIT_RETAIN_SELF = YES;
				CLANG_WARN_OBJC_LITERAL_CONVERSION = YES;
				CLANG_WARN_OBJC_ROOT_CLASS = YES_ERROR;
				CLANG_WARN_QUOTED_INCLUDE_IN_FRAMEWORK_HEADER = YES;
				CLANG_WARN_RANGE_LOOP_ANALYSIS = YES;
				CLANG_WARN_STRICT_PROTOTYPES = YES;
				CLANG_WARN_SUSPICIOUS_MOVE = YES;
				CLANG_WARN_UNGUARDED_AVAILABILITY = YES_AGGRESSIVE;
				CLANG_WARN_UNREACHABLE_CODE = YES;
				CLANG_WARN__DUPLICATE_METHOD_MATCH = YES;
				COPY_PHASE_STRIP = NO;
				DEBUG_INFORMATION_FORMAT = "dwarf-with-dsym";
				ENABLE_NS_ASSERTIONS = NO;
				ENABLE_STRICT_OBJC_MSGSEND = YES;
				ENABLE_USER_SCRIPT_SANDBOXING = YES;
				GCC_C_LANGUAGE_STANDARD = gnu17;
				GCC_NO_COMMON_BLOCKS = YES;
				GCC_WARN_64_TO_32_BIT_CONVERSION = YES;
				GCC_WARN_ABOUT_RETURN_TYPE = YES_ERROR;
				GCC_WARN_UNDECLARED_SELECTOR = YES;
				GCC_WARN_UNINITIALIZED_AUTOS = YES_AGGRESSIVE;
				GCC_WARN_UNUSED_FUNCTION = YES;
				GCC_WARN_UNUSED_VARIABLE = YES;
				IPHONEOS_DEPLOYMENT_TARGET = 17.5;
				LOCALIZATION_PREFERS_STRING_CATALOGS = YES;
				MTL_ENABLE_DEBUG_INFO = NO;
				MTL_FAST_MATH = YES;
				SDKROOT = iphoneos;
				SWIFT_COMPILATION_MODE = wholemodule;
				VALIDATE_PRODUCT = YES;
			};
			name = Release;
		};
		76444E4C2C49E0480041E78A /* Debug */ = {
			isa = XCBuildConfiguration;
			buildSettings = {
				ASSETCATALOG_COMPILER_APPICON_NAME = AppIcon;
				ASSETCATALOG_COMPILER_GLOBAL_ACCENT_COLOR_NAME = AccentColor;
				CODE_SIGN_STYLE = Automatic;
				CURRENT_PROJECT_VERSION = 1;
				GENERATE_INFOPLIST_FILE = YES;
				INFOPLIST_FILE = Itinerary/Info.plist;
				INFOPLIST_KEY_UIApplicationSupportsIndirectInputEvents = YES;
				INFOPLIST_KEY_UILaunchStoryboardName = LaunchScreen;
				INFOPLIST_KEY_UIMainStoryboardFile = Main;
				INFOPLIST_KEY_UISupportedInterfaceOrientations_iPad = "UIInterfaceOrientationPortrait UIInterfaceOrientationPortraitUpsideDown UIInterfaceOrientationLandscapeLeft UIInterfaceOrientationLandscapeRight";
				INFOPLIST_KEY_UISupportedInterfaceOrientations_iPhone = "UIInterfaceOrientationPortrait UIInterfaceOrientationLandscapeLeft UIInterfaceOrientationLandscapeRight";
				LD_RUNPATH_SEARCH_PATHS = (
					"$(inherited)",
					"@executable_path/Frameworks",
				);
				MARKETING_VERSION = 1.0;
				PRODUCT_BUNDLE_IDENTIFIER = Alp.Itinerary;
				PRODUCT_NAME = "$(TARGET_NAME)";
				SWIFT_EMIT_LOC_STRINGS = YES;
				SWIFT_VERSION = 5.0;
				TARGETED_DEVICE_FAMILY = "1,2";
			};
			name = Debug;
		};
		76444E4D2C49E0480041E78A /* Release */ = {
			isa = XCBuildConfiguration;
			buildSettings = {
				ASSETCATALOG_COMPILER_APPICON_NAME = AppIcon;
				ASSETCATALOG_COMPILER_GLOBAL_ACCENT_COLOR_NAME = AccentColor;
				CODE_SIGN_STYLE = Automatic;
				CURRENT_PROJECT_VERSION = 1;
				GENERATE_INFOPLIST_FILE = YES;
				INFOPLIST_FILE = Itinerary/Info.plist;
				INFOPLIST_KEY_UIApplicationSupportsIndirectInputEvents = YES;
				INFOPLIST_KEY_UILaunchStoryboardName = LaunchScreen;
				INFOPLIST_KEY_UIMainStoryboardFile = Main;
				INFOPLIST_KEY_UISupportedInterfaceOrientations_iPad = "UIInterfaceOrientationPortrait UIInterfaceOrientationPortraitUpsideDown UIInterfaceOrientationLandscapeLeft UIInterfaceOrientationLandscapeRight";
				INFOPLIST_KEY_UISupportedInterfaceOrientations_iPhone = "UIInterfaceOrientationPortrait UIInterfaceOrientationLandscapeLeft UIInterfaceOrientationLandscapeRight";
				LD_RUNPATH_SEARCH_PATHS = (
					"$(inherited)",
					"@executable_path/Frameworks",
				);
				MARKETING_VERSION = 1.0;
				PRODUCT_BUNDLE_IDENTIFIER = Alp.Itinerary;
				PRODUCT_NAME = "$(TARGET_NAME)";
				SWIFT_EMIT_LOC_STRINGS = YES;
				SWIFT_VERSION = 5.0;
				TARGETED_DEVICE_FAMILY = "1,2";
			};
			name = Release;
		};
		76444E4F2C49E0480041E78A /* Debug */ = {
			isa = XCBuildConfiguration;
			buildSettings = {
				ALWAYS_EMBED_SWIFT_STANDARD_LIBRARIES = YES;
				BUNDLE_LOADER = "$(TEST_HOST)";
				CODE_SIGN_STYLE = Automatic;
				CURRENT_PROJECT_VERSION = 1;
				GENERATE_INFOPLIST_FILE = YES;
				IPHONEOS_DEPLOYMENT_TARGET = 17.5;
				MARKETING_VERSION = 1.0;
				PRODUCT_BUNDLE_IDENTIFIER = Alp.ItineraryTests;
				PRODUCT_NAME = "$(TARGET_NAME)";
				SWIFT_EMIT_LOC_STRINGS = NO;
				SWIFT_VERSION = 5.0;
				TARGETED_DEVICE_FAMILY = "1,2";
				TEST_HOST = "$(BUILT_PRODUCTS_DIR)/Itinerary.app/$(BUNDLE_EXECUTABLE_FOLDER_PATH)/Itinerary";
			};
			name = Debug;
		};
		76444E502C49E0480041E78A /* Release */ = {
			isa = XCBuildConfiguration;
			buildSettings = {
				ALWAYS_EMBED_SWIFT_STANDARD_LIBRARIES = YES;
				BUNDLE_LOADER = "$(TEST_HOST)";
				CODE_SIGN_STYLE = Automatic;
				CURRENT_PROJECT_VERSION = 1;
				GENERATE_INFOPLIST_FILE = YES;
				IPHONEOS_DEPLOYMENT_TARGET = 17.5;
				MARKETING_VERSION = 1.0;
				PRODUCT_BUNDLE_IDENTIFIER = Alp.ItineraryTests;
				PRODUCT_NAME = "$(TARGET_NAME)";
				SWIFT_EMIT_LOC_STRINGS = NO;
				SWIFT_VERSION = 5.0;
				TARGETED_DEVICE_FAMILY = "1,2";
				TEST_HOST = "$(BUILT_PRODUCTS_DIR)/Itinerary.app/$(BUNDLE_EXECUTABLE_FOLDER_PATH)/Itinerary";
			};
			name = Release;
		};
		76444E522C49E0480041E78A /* Debug */ = {
			isa = XCBuildConfiguration;
			buildSettings = {
				ALWAYS_EMBED_SWIFT_STANDARD_LIBRARIES = YES;
				CODE_SIGN_STYLE = Automatic;
				CURRENT_PROJECT_VERSION = 1;
				GENERATE_INFOPLIST_FILE = YES;
				MARKETING_VERSION = 1.0;
				PRODUCT_BUNDLE_IDENTIFIER = Alp.ItineraryUITests;
				PRODUCT_NAME = "$(TARGET_NAME)";
				SWIFT_EMIT_LOC_STRINGS = NO;
				SWIFT_VERSION = 5.0;
				TARGETED_DEVICE_FAMILY = "1,2";
				TEST_TARGET_NAME = Itinerary;
			};
			name = Debug;
		};
		76444E532C49E0480041E78A /* Release */ = {
			isa = XCBuildConfiguration;
			buildSettings = {
				ALWAYS_EMBED_SWIFT_STANDARD_LIBRARIES = YES;
				CODE_SIGN_STYLE = Automatic;
				CURRENT_PROJECT_VERSION = 1;
				GENERATE_INFOPLIST_FILE = YES;
				MARKETING_VERSION = 1.0;
				PRODUCT_BUNDLE_IDENTIFIER = Alp.ItineraryUITests;
				PRODUCT_NAME = "$(TARGET_NAME)";
				SWIFT_EMIT_LOC_STRINGS = NO;
				SWIFT_VERSION = 5.0;
				TARGETED_DEVICE_FAMILY = "1,2";
				TEST_TARGET_NAME = Itinerary;
			};
			name = Release;
		};
/* End XCBuildConfiguration section */

/* Begin XCConfigurationList section */
		76444E1C2C49E0470041E78A /* Build configuration list for PBXProject "Itinerary" */ = {
			isa = XCConfigurationList;
			buildConfigurations = (
				76444E492C49E0480041E78A /* Debug */,
				76444E4A2C49E0480041E78A /* Release */,
			);
			defaultConfigurationIsVisible = 0;
			defaultConfigurationName = Release;
		};
		76444E4B2C49E0480041E78A /* Build configuration list for PBXNativeTarget "Itinerary" */ = {
			isa = XCConfigurationList;
			buildConfigurations = (
				76444E4C2C49E0480041E78A /* Debug */,
				76444E4D2C49E0480041E78A /* Release */,
			);
			defaultConfigurationIsVisible = 0;
			defaultConfigurationName = Release;
		};
		76444E4E2C49E0480041E78A /* Build configuration list for PBXNativeTarget "ItineraryTests" */ = {
			isa = XCConfigurationList;
			buildConfigurations = (
				76444E4F2C49E0480041E78A /* Debug */,
				76444E502C49E0480041E78A /* Release */,
			);
			defaultConfigurationIsVisible = 0;
			defaultConfigurationName = Release;
		};
		76444E512C49E0480041E78A /* Build configuration list for PBXNativeTarget "ItineraryUITests" */ = {
			isa = XCConfigurationList;
			buildConfigurations = (
				76444E522C49E0480041E78A /* Debug */,
				76444E532C49E0480041E78A /* Release */,
			);
			defaultConfigurationIsVisible = 0;
			defaultConfigurationName = Release;
		};
/* End XCConfigurationList section */
	};
	rootObject = 76444E192C49E0470041E78A /* Project object */;
}
